
Microsoft Visual Studio Solution File, Format Version 11.00
# Visual Studio Version 17

Project("{8BC9CEB8-8B4A-11D0-8D11-00A0C91BC942}") = "KissOfShame - Standalone Plugin", "KissOfShame_StandalonePlugin.vcxproj", "{98540EDC-9601-8071-765A-DD18E25EA678}"
	ProjectSection(ProjectDependencies) = postProject
		{F494A0DA-FF25-01BC-0789-76A60CE9CFC9} = {F494A0DA-FF25-01BC-0789-76A60CE9CFC9}
	EndProjectSection
EndProject
Project("{8BC9CEB8-8B4A-11D0-8D11-00A0C91BC942}") = "KissOfShame - VST3", "KissOfShame_VST3.vcxproj", "{A6DD8CBB-2310-C25B-C6BB-392893A93DA2}"
	ProjectSection(ProjectDependencies) = postProject
		{F494A0DA-FF25-01BC-0789-76A60CE9CFC9} = {F494A0DA-FF25-01BC-0789-76A60CE9CFC9}
		{2B84D6D6-EBC1-FA4E-2C69-9D0388ABEAB5} = {2B84D6D6-EBC1-FA4E-2C69-9D0388ABEAB5}
	EndProjectSection
EndProject
Project("{8BC9CEB8-8B4A-11D0-8D11-00A0C91BC942}") = "KissOfShame - Shared Code", "KissOfShame_SharedCode.vcxproj", "{F494A0DA-FF25-01BC-0789-76A60CE9CFC9}"
EndProject
Project("{8BC9CEB8-8B4A-11D0-8D11-00A0C91BC942}") = "KissOfShame - VST3 Manifest Helper", "KissOfShame_VST3ManifestHelper.vcxproj", "{2B84D6D6-EBC1-FA4E-2C69-9D0388ABEAB5}"
EndProject
Global
	GlobalSection(SolutionConfigurationPlatforms) = preSolution
		Debug|x64 = Debug|x64
		Release|x64 = Release|x64
	EndGlobalSection
	GlobalSection(ProjectConfigurationPlatforms) = postSolution
		{A6DD8CBB-2310-C25B-C6BB-392893A93DA2}.Debug|x64.ActiveCfg = Debug|x64
		{A6DD8CBB-2310-C25B-C6BB-392893A93DA2}.Debug|x64.Build.0 = Debug|x64
		{A6DD8CBB-2310-C25B-C6BB-392893A93DA2}.Release|x64.ActiveCfg = Release|x64
		{A6DD8CBB-2310-C25B-C6BB-392893A93DA2}.Release|x64.Build.0 = Release|x64
		{98540EDC-9601-8071-765A-DD18E25EA678}.Debug|x64.ActiveCfg = Debug|x64
		{98540EDC-9601-8071-765A-DD18E25EA678}.Debug|x64.Build.0 = Debug|x64
		{98540EDC-9601-8071-765A-DD18E25EA678}.Release|x64.ActiveCfg = Release|x64
		{98540EDC-9601-8071-765A-DD18E25EA678}.Release|x64.Build.0 = Release|x64
		{F494A0DA-FF25-01BC-0789-76A60CE9CFC9}.Debug|x64.ActiveCfg = Debug|x64
		{F494A0DA-FF25-01BC-0789-76A60CE9CFC9}.Debug|x64.Build.0 = Debug|x64
		{F494A0DA-FF25-01BC-0789-76A60CE9CFC9}.Release|x64.ActiveCfg = Release|x64
		{F494A0DA-FF25-01BC-0789-76A60CE9CFC9}.Release|x64.Build.0 = Release|x64
		{2B84D6D6-EBC1-FA4E-2C69-9D0388ABEAB5}.Debug|x64.ActiveCfg = Debug|x64
		{2B84D6D6-EBC1-FA4E-2C69-9D0388ABEAB5}.Debug|x64.Build.0 = Debug|x64
		{2B84D6D6-EBC1-FA4E-2C69-9D0388ABEAB5}.Release|x64.ActiveCfg = Release|x64
		{2B84D6D6-EBC1-FA4E-2C69-9D0388ABEAB5}.Release|x64.Build.0 = Release|x64
	EndGlobalSection
	GlobalSection(SolutionProperties) = preSolution
		HideSolutionNode = FALSE
	EndGlobalSection
EndGlobal
